
Microsoft Visual Studio Solution File, Format Version 12.00
# Visual Studio Version 17
VisualStudioVersion = 17.3.32901.215
MinimumVisualStudioVersion = 10.0.40219.1
Project("{FAE04EC0-301F-11D3-BF4B-00C04F79EFBC}") = "dashboardEra5G", "dashboardEra5G\dashboardEra5G.csproj", "{B4A17F7D-DD1A-4D39-8454-A64CF7AA3BFD}"
EndProject
Global
	GlobalSection(SolutionConfigurationPlatforms) = preSolution
		Debug|Any CPU = Debug|Any CPU
		Release|Any CPU = Release|Any CPU
	EndGlobalSection
	GlobalSection(ProjectConfigurationPlatforms) = postSolution
		{B4A17F7D-DD1A-4D39-8454-A64CF7AA3BFD}.Debug|Any CPU.ActiveCfg = Debug|Any CPU
		{B4A17F7D-DD1A-4D39-8454-A64CF7AA3BFD}.Debug|Any CPU.Build.0 = Debug|Any CPU
		{B4A17F7D-DD1A-4D39-8454-A64CF7AA3BFD}.Release|Any CPU.ActiveCfg = Release|Any CPU
		{B4A17F7D-DD1A-4D39-8454-A64CF7AA3BFD}.Release|Any CPU.Build.0 = Release|Any CPU
	EndGlobalSection
	GlobalSection(SolutionProperties) = preSolution
		HideSolutionNode = FALSE
	EndGlobalSection
	GlobalSection(ExtensibilityGlobals) = postSolution
		SolutionGuid = {F8C9F514-2C3F-488A-8288-22102695B64D}
	EndGlobalSection
EndGlobal
