
Microsoft Visual Studio Solution File, Format Version 12.00
# Visual Studio Version 17
VisualStudioVersion = 17.0.32112.339
MinimumVisualStudioVersion = 10.0.40219.1
Project("{9A19103F-16F7-4668-BE54-9A1E7A4F7556}") = "Orchestrator", "src\Orchestrator\Orchestrator.csproj", "{D1C222A9-7DCC-475F-AC98-AE6AD7CAC1F9}"
EndProject
Project("{2150E333-8FDC-42A3-9474-1A3956D46DE8}") = "src", "src", "{96C1E2A9-733B-49C1-966F-C3B3C8102E09}"
EndProject
Project("{9A19103F-16F7-4668-BE54-9A1E7A4F7556}") = "ResourcePlanner", "src\ResourcePlanner\ResourcePlanner.csproj", "{033557EE-C93D-46CF-9843-71C3497F0634}"
EndProject
Project("{9A19103F-16F7-4668-BE54-9A1E7A4F7556}") = "TaskPlanner", "src\TaskPlanner\TaskPlanner.csproj", "{4997B86A-8252-4C47-824F-7059EF7D56DF}"
EndProject
Project("{9A19103F-16F7-4668-BE54-9A1E7A4F7556}") = "OcelotGateway", "src\OcelotGateway\OcelotGateway.csproj", "{0EE2EFD6-C2B3-4437-BF12-D0E5E91D40E3}"
EndProject
Project("{9A19103F-16F7-4668-BE54-9A1E7A4F7556}") = "Common", "src\Common\Common.csproj", "{06FE080E-EB3C-47F7-A062-11113D526F25}"
EndProject
Project("{9A19103F-16F7-4668-BE54-9A1E7A4F7556}") = "RedisInterface", "src\RedisInterface\RedisInterface.csproj", "{2DF96F25-BEA1-4B5D-A84D-E8FAA8B66D4E}"
EndProject
Project("{E53339B2-1760-4266-BCC7-CA923CBCF16C}") = "docker-compose", "docker-compose.dcproj", "{09CBBAA9-15BE-4341-864B-D646231F4AAD}"
EndProject
Global
	GlobalSection(SolutionConfigurationPlatforms) = preSolution
		Debug|Any CPU = Debug|Any CPU
		Release|Any CPU = Release|Any CPU
	EndGlobalSection
	GlobalSection(ProjectConfigurationPlatforms) = postSolution
		{D1C222A9-7DCC-475F-AC98-AE6AD7CAC1F9}.Debug|Any CPU.ActiveCfg = Debug|Any CPU
		{D1C222A9-7DCC-475F-AC98-AE6AD7CAC1F9}.Debug|Any CPU.Build.0 = Debug|Any CPU
		{D1C222A9-7DCC-475F-AC98-AE6AD7CAC1F9}.Release|Any CPU.ActiveCfg = Release|Any CPU
		{D1C222A9-7DCC-475F-AC98-AE6AD7CAC1F9}.Release|Any CPU.Build.0 = Release|Any CPU
		{033557EE-C93D-46CF-9843-71C3497F0634}.Debug|Any CPU.ActiveCfg = Debug|Any CPU
		{033557EE-C93D-46CF-9843-71C3497F0634}.Debug|Any CPU.Build.0 = Debug|Any CPU
		{033557EE-C93D-46CF-9843-71C3497F0634}.Release|Any CPU.ActiveCfg = Release|Any CPU
		{033557EE-C93D-46CF-9843-71C3497F0634}.Release|Any CPU.Build.0 = Release|Any CPU
		{4997B86A-8252-4C47-824F-7059EF7D56DF}.Debug|Any CPU.ActiveCfg = Debug|Any CPU
		{4997B86A-8252-4C47-824F-7059EF7D56DF}.Debug|Any CPU.Build.0 = Debug|Any CPU
		{4997B86A-8252-4C47-824F-7059EF7D56DF}.Release|Any CPU.ActiveCfg = Release|Any CPU
		{4997B86A-8252-4C47-824F-7059EF7D56DF}.Release|Any CPU.Build.0 = Release|Any CPU
		{0EE2EFD6-C2B3-4437-BF12-D0E5E91D40E3}.Debug|Any CPU.ActiveCfg = Debug|Any CPU
		{0EE2EFD6-C2B3-4437-BF12-D0E5E91D40E3}.Debug|Any CPU.Build.0 = Debug|Any CPU
		{0EE2EFD6-C2B3-4437-BF12-D0E5E91D40E3}.Release|Any CPU.ActiveCfg = Release|Any CPU
		{0EE2EFD6-C2B3-4437-BF12-D0E5E91D40E3}.Release|Any CPU.Build.0 = Release|Any CPU
		{06FE080E-EB3C-47F7-A062-11113D526F25}.Debug|Any CPU.ActiveCfg = Debug|Any CPU
		{06FE080E-EB3C-47F7-A062-11113D526F25}.Debug|Any CPU.Build.0 = Debug|Any CPU
		{06FE080E-EB3C-47F7-A062-11113D526F25}.Release|Any CPU.ActiveCfg = Release|Any CPU
		{06FE080E-EB3C-47F7-A062-11113D526F25}.Release|Any CPU.Build.0 = Release|Any CPU
		{2DF96F25-BEA1-4B5D-A84D-E8FAA8B66D4E}.Debug|Any CPU.ActiveCfg = Debug|Any CPU
		{2DF96F25-BEA1-4B5D-A84D-E8FAA8B66D4E}.Debug|Any CPU.Build.0 = Debug|Any CPU
		{2DF96F25-BEA1-4B5D-A84D-E8FAA8B66D4E}.Release|Any CPU.ActiveCfg = Release|Any CPU
		{2DF96F25-BEA1-4B5D-A84D-E8FAA8B66D4E}.Release|Any CPU.Build.0 = Release|Any CPU
		{09CBBAA9-15BE-4341-864B-D646231F4AAD}.Debug|Any CPU.ActiveCfg = Debug|Any CPU
		{09CBBAA9-15BE-4341-864B-D646231F4AAD}.Debug|Any CPU.Build.0 = Debug|Any CPU
		{09CBBAA9-15BE-4341-864B-D646231F4AAD}.Release|Any CPU.ActiveCfg = Release|Any CPU
		{09CBBAA9-15BE-4341-864B-D646231F4AAD}.Release|Any CPU.Build.0 = Release|Any CPU
	EndGlobalSection
	GlobalSection(SolutionProperties) = preSolution
		HideSolutionNode = FALSE
	EndGlobalSection
	GlobalSection(NestedProjects) = preSolution
		{D1C222A9-7DCC-475F-AC98-AE6AD7CAC1F9} = {96C1E2A9-733B-49C1-966F-C3B3C8102E09}
		{033557EE-C93D-46CF-9843-71C3497F0634} = {96C1E2A9-733B-49C1-966F-C3B3C8102E09}
		{4997B86A-8252-4C47-824F-7059EF7D56DF} = {96C1E2A9-733B-49C1-966F-C3B3C8102E09}
		{0EE2EFD6-C2B3-4437-BF12-D0E5E91D40E3} = {96C1E2A9-733B-49C1-966F-C3B3C8102E09}
		{06FE080E-EB3C-47F7-A062-11113D526F25} = {96C1E2A9-733B-49C1-966F-C3B3C8102E09}
		{2DF96F25-BEA1-4B5D-A84D-E8FAA8B66D4E} = {96C1E2A9-733B-49C1-966F-C3B3C8102E09}
	EndGlobalSection
	GlobalSection(ExtensibilityGlobals) = postSolution
		SolutionGuid = {A330B2DD-CDFB-4AD1-AFC0-430F33D039FB}
	EndGlobalSection
EndGlobal
