
Microsoft Visual Studio Solution File, Format Version 12.00
Project("{FAE04EC0-301F-11D3-BF4B-00C04F79EFBC}") = "Orchestrator", "src\Orchestrator\Orchestrator.csproj", "{D1C222A9-7DCC-475F-AC98-AE6AD7CAC1F9}"
EndProject
Project("{2150E333-8FDC-42A3-9474-1A3956D46DE8}") = "src", "src", "{96C1E2A9-733B-49C1-966F-C3B3C8102E09}"
EndProject
Project("{FAE04EC0-301F-11D3-BF4B-00C04F79EFBC}") = "OsmClient", "src\OsmClient\OsmClient.csproj", "{76C83A45-8C45-4F3C-A305-9F98D2796E53}"
EndProject
Global
	GlobalSection(SolutionConfigurationPlatforms) = preSolution
		Debug|Any CPU = Debug|Any CPU
		Release|Any CPU = Release|Any CPU
	EndGlobalSection
	GlobalSection(ProjectConfigurationPlatforms) = postSolution
		{D1C222A9-7DCC-475F-AC98-AE6AD7CAC1F9}.Debug|Any CPU.ActiveCfg = Debug|Any CPU
		{D1C222A9-7DCC-475F-AC98-AE6AD7CAC1F9}.Debug|Any CPU.Build.0 = Debug|Any CPU
		{D1C222A9-7DCC-475F-AC98-AE6AD7CAC1F9}.Release|Any CPU.ActiveCfg = Release|Any CPU
		{D1C222A9-7DCC-475F-AC98-AE6AD7CAC1F9}.Release|Any CPU.Build.0 = Release|Any CPU
		{76C83A45-8C45-4F3C-A305-9F98D2796E53}.Debug|Any CPU.ActiveCfg = Debug|Any CPU
		{76C83A45-8C45-4F3C-A305-9F98D2796E53}.Debug|Any CPU.Build.0 = Debug|Any CPU
		{76C83A45-8C45-4F3C-A305-9F98D2796E53}.Release|Any CPU.ActiveCfg = Release|Any CPU
		{76C83A45-8C45-4F3C-A305-9F98D2796E53}.Release|Any CPU.Build.0 = Release|Any CPU
	EndGlobalSection
	GlobalSection(NestedProjects) = preSolution
		{D1C222A9-7DCC-475F-AC98-AE6AD7CAC1F9} = {96C1E2A9-733B-49C1-966F-C3B3C8102E09}
		{76C83A45-8C45-4F3C-A305-9F98D2796E53} = {96C1E2A9-733B-49C1-966F-C3B3C8102E09}
	EndGlobalSection
EndGlobal
