
Microsoft Visual Studio Solution File, Format Version 12.00
# Visual Studio Version 17
VisualStudioVersion = 17.0.32112.339
MinimumVisualStudioVersion = 10.0.40219.1
Project("{9A19103F-16F7-4668-BE54-9A1E7A4F7556}") = "Orchestrator", "src\Orchestrator\Orchestrator.csproj", "{D1C222A9-7DCC-475F-AC98-AE6AD7CAC1F9}"
EndProject
Project("{2150E333-8FDC-42A3-9474-1A3956D46DE8}") = "src", "src", "{96C1E2A9-733B-49C1-966F-C3B3C8102E09}"
EndProject
Project("{9A19103F-16F7-4668-BE54-9A1E7A4F7556}") = "ResourcePlanner", "src\ResourcePlanner\ResourcePlanner.csproj", "{033557EE-C93D-46CF-9843-71C3497F0634}"
EndProject
Project("{9A19103F-16F7-4668-BE54-9A1E7A4F7556}") = "TaskPlanner", "src\TaskPlanner\TaskPlanner.csproj", "{4997B86A-8252-4C47-824F-7059EF7D56DF}"
EndProject
Project("{9A19103F-16F7-4668-BE54-9A1E7A4F7556}") = "OcelotGateway", "src\OcelotGateway\OcelotGateway.csproj", "{0EE2EFD6-C2B3-4437-BF12-D0E5E91D40E3}"
EndProject
Project("{9A19103F-16F7-4668-BE54-9A1E7A4F7556}") = "Common", "src\Common\Common.csproj", "{06FE080E-EB3C-47F7-A062-11113D526F25}"
EndProject
Project("{9A19103F-16F7-4668-BE54-9A1E7A4F7556}") = "RedisInterface", "src\RedisInterface\RedisInterface.csproj", "{2DF96F25-BEA1-4B5D-A84D-E8FAA8B66D4E}"
EndProject
Project("{E53339B2-1760-4266-BCC7-CA923CBCF16C}") = "docker-compose", "docker-compose.dcproj", "{09CBBAA9-15BE-4341-864B-D646231F4AAD}"
EndProject
Project("{2150E333-8FDC-42A3-9474-1A3956D46DE8}") = "test", "test", "{DC46C51D-7FF6-4D97-A265-F6AFCE56253D}"
EndProject
Project("{9A19103F-16F7-4668-BE54-9A1E7A4F7556}") = "Orchestrator.Tests.Unit", "test\Orchestrator.Tests.Unit\Orchestrator.Tests.Unit.csproj", "{E3A68ADB-3453-4E14-BE84-351BF631918F}"
EndProject
Project("{9A19103F-16F7-4668-BE54-9A1E7A4F7556}") = "Common.Tests.Unit", "test\Common.Tests.Unit\Common.Tests.Unit.csproj", "{9078DB0F-2E0E-4F40-8985-6C3AFC3C3D4E}"
EndProject
Project("{9A19103F-16F7-4668-BE54-9A1E7A4F7556}") = "DataAccess", "src\DataAccess\DataAccess.csproj", "{5D99D5DB-C5CF-41D9-A0B3-5E8C68E012D8}"
EndProject
Project("{9A19103F-16F7-4668-BE54-9A1E7A4F7556}") = "Models", "src\Models\Models.csproj", "{2D1E3B7A-3EA3-429B-8C31-443712217124}"
EndProject
Project("{9A19103F-16F7-4668-BE54-9A1E7A4F7556}") = "DataAccess.Tests.Unit", "test\DataAccess.Tests.Unit\DataAccess.Tests.Unit.csproj", "{E58576F6-8DE6-4D8E-ADF9-4D74EE51C09E}"
EndProject
Project("{9A19103F-16F7-4668-BE54-9A1E7A4F7556}") = "DataConverter", "src\DataConverter\DataConverter.csproj", "{A6FF43B5-A3AC-47DB-8E6F-9E7FF022E389}"
EndProject
Project("{9A19103F-16F7-4668-BE54-9A1E7A4F7556}") = "RedisInterface.Contracts", "src\RedisInterface.Contracts\RedisInterface.Contracts.csproj", "{D55D7EA1-7270-432A-BC9A-F8E9EA993DA8}"
EndProject
Project("{9A19103F-16F7-4668-BE54-9A1E7A4F7556}") = "RedisInterface.Sdk", "src\RedisInterface.Sdk\RedisInterface.Sdk.csproj", "{EAD1B806-D7D7-440C-90D4-86DE114E0280}"
EndProject
Project("{9A19103F-16F7-4668-BE54-9A1E7A4F7556}") = "RedisInterface.Sdk.Tests.Integration", "test\RedisInterface.Sdk.Tests.Integration\RedisInterface.Sdk.Tests.Integration.csproj", "{61EC8EE8-2663-426E-8EBB-EC1D61DBE284}"
EndProject
Project("{9A19103F-16F7-4668-BE54-9A1E7A4F7556}") = "CentralApi", "src\CentralApi\CentralApi.csproj", "{E568F992-C741-47CD-BBA2-5233F4E627CD}"
EndProject
Project("{9A19103F-16F7-4668-BE54-9A1E7A4F7556}") = "CentralApi.Contracts", "src\CentralApi.Contracts\CentralApi.Contracts.csproj", "{9BF0C1B2-BE31-472E-A0D3-428683063326}"
EndProject
Project("{9A19103F-16F7-4668-BE54-9A1E7A4F7556}") = "CentralApi.Sdk", "src\CentralApi.Sdk\CentralApi.Sdk.csproj", "{76968B9A-662A-438D-B6C0-0C45C35DD64E}"
EndProject
Project("{9A19103F-16F7-4668-BE54-9A1E7A4F7556}") = "CentralApi.Tests.Unit", "test\CentralApi.Tests.Unit\CentralApi.Tests.Unit.csproj", "{2411FB6F-8DCA-48D8-A53F-53359FA5F5BE}"
EndProject
Project("{9A19103F-16F7-4668-BE54-9A1E7A4F7556}") = "RedisInterface.Tests.Unit", "test\RedisInterface.Tests.Unit\RedisInterface.Tests.Unit.csproj", "{867BA738-ECDA-4211-878D-6221EB2C0D52}"
EndProject
Project("{9A19103F-16F7-4668-BE54-9A1E7A4F7556}") = "ResourcePlanner.Tests.Unit", "test\ResourcePlanner.Tests.Unit\ResourcePlanner.Tests.Unit.csproj", "{EC6519DC-9F2B-49C9-B3C1-7174DE64FE58}"
EndProject
Project("{FAE04EC0-301F-11D3-BF4B-00C04F79EFBC}") = "TestCommon", "test\TestCommon\TestCommon.csproj", "{57C2F3D6-2621-424F-94B0-354E505C2D42}"
EndProject
Global
	GlobalSection(SolutionConfigurationPlatforms) = preSolution
		Debug|Any CPU = Debug|Any CPU
		Release|Any CPU = Release|Any CPU
	EndGlobalSection
	GlobalSection(ProjectConfigurationPlatforms) = postSolution
		{D1C222A9-7DCC-475F-AC98-AE6AD7CAC1F9}.Debug|Any CPU.ActiveCfg = Debug|Any CPU
		{D1C222A9-7DCC-475F-AC98-AE6AD7CAC1F9}.Debug|Any CPU.Build.0 = Debug|Any CPU
		{D1C222A9-7DCC-475F-AC98-AE6AD7CAC1F9}.Release|Any CPU.ActiveCfg = Release|Any CPU
		{D1C222A9-7DCC-475F-AC98-AE6AD7CAC1F9}.Release|Any CPU.Build.0 = Release|Any CPU
		{033557EE-C93D-46CF-9843-71C3497F0634}.Debug|Any CPU.ActiveCfg = Debug|Any CPU
		{033557EE-C93D-46CF-9843-71C3497F0634}.Debug|Any CPU.Build.0 = Debug|Any CPU
		{033557EE-C93D-46CF-9843-71C3497F0634}.Release|Any CPU.ActiveCfg = Release|Any CPU
		{033557EE-C93D-46CF-9843-71C3497F0634}.Release|Any CPU.Build.0 = Release|Any CPU
		{4997B86A-8252-4C47-824F-7059EF7D56DF}.Debug|Any CPU.ActiveCfg = Debug|Any CPU
		{4997B86A-8252-4C47-824F-7059EF7D56DF}.Debug|Any CPU.Build.0 = Debug|Any CPU
		{4997B86A-8252-4C47-824F-7059EF7D56DF}.Release|Any CPU.ActiveCfg = Release|Any CPU
		{4997B86A-8252-4C47-824F-7059EF7D56DF}.Release|Any CPU.Build.0 = Release|Any CPU
		{0EE2EFD6-C2B3-4437-BF12-D0E5E91D40E3}.Debug|Any CPU.ActiveCfg = Debug|Any CPU
		{0EE2EFD6-C2B3-4437-BF12-D0E5E91D40E3}.Debug|Any CPU.Build.0 = Debug|Any CPU
		{0EE2EFD6-C2B3-4437-BF12-D0E5E91D40E3}.Release|Any CPU.ActiveCfg = Release|Any CPU
		{0EE2EFD6-C2B3-4437-BF12-D0E5E91D40E3}.Release|Any CPU.Build.0 = Release|Any CPU
		{06FE080E-EB3C-47F7-A062-11113D526F25}.Debug|Any CPU.ActiveCfg = Debug|Any CPU
		{06FE080E-EB3C-47F7-A062-11113D526F25}.Debug|Any CPU.Build.0 = Debug|Any CPU
		{06FE080E-EB3C-47F7-A062-11113D526F25}.Release|Any CPU.ActiveCfg = Release|Any CPU
		{06FE080E-EB3C-47F7-A062-11113D526F25}.Release|Any CPU.Build.0 = Release|Any CPU
		{2DF96F25-BEA1-4B5D-A84D-E8FAA8B66D4E}.Debug|Any CPU.ActiveCfg = Debug|Any CPU
		{2DF96F25-BEA1-4B5D-A84D-E8FAA8B66D4E}.Debug|Any CPU.Build.0 = Debug|Any CPU
		{2DF96F25-BEA1-4B5D-A84D-E8FAA8B66D4E}.Release|Any CPU.ActiveCfg = Release|Any CPU
		{2DF96F25-BEA1-4B5D-A84D-E8FAA8B66D4E}.Release|Any CPU.Build.0 = Release|Any CPU
		{09CBBAA9-15BE-4341-864B-D646231F4AAD}.Debug|Any CPU.ActiveCfg = Debug|Any CPU
		{09CBBAA9-15BE-4341-864B-D646231F4AAD}.Debug|Any CPU.Build.0 = Debug|Any CPU
		{09CBBAA9-15BE-4341-864B-D646231F4AAD}.Release|Any CPU.ActiveCfg = Release|Any CPU
		{09CBBAA9-15BE-4341-864B-D646231F4AAD}.Release|Any CPU.Build.0 = Release|Any CPU
		{E3A68ADB-3453-4E14-BE84-351BF631918F}.Debug|Any CPU.ActiveCfg = Debug|Any CPU
		{E3A68ADB-3453-4E14-BE84-351BF631918F}.Debug|Any CPU.Build.0 = Debug|Any CPU
		{E3A68ADB-3453-4E14-BE84-351BF631918F}.Release|Any CPU.ActiveCfg = Release|Any CPU
		{E3A68ADB-3453-4E14-BE84-351BF631918F}.Release|Any CPU.Build.0 = Release|Any CPU
		{9078DB0F-2E0E-4F40-8985-6C3AFC3C3D4E}.Debug|Any CPU.ActiveCfg = Debug|Any CPU
		{9078DB0F-2E0E-4F40-8985-6C3AFC3C3D4E}.Debug|Any CPU.Build.0 = Debug|Any CPU
		{9078DB0F-2E0E-4F40-8985-6C3AFC3C3D4E}.Release|Any CPU.ActiveCfg = Release|Any CPU
		{9078DB0F-2E0E-4F40-8985-6C3AFC3C3D4E}.Release|Any CPU.Build.0 = Release|Any CPU
		{5D99D5DB-C5CF-41D9-A0B3-5E8C68E012D8}.Debug|Any CPU.ActiveCfg = Debug|Any CPU
		{5D99D5DB-C5CF-41D9-A0B3-5E8C68E012D8}.Debug|Any CPU.Build.0 = Debug|Any CPU
		{5D99D5DB-C5CF-41D9-A0B3-5E8C68E012D8}.Release|Any CPU.ActiveCfg = Release|Any CPU
		{5D99D5DB-C5CF-41D9-A0B3-5E8C68E012D8}.Release|Any CPU.Build.0 = Release|Any CPU
		{2D1E3B7A-3EA3-429B-8C31-443712217124}.Debug|Any CPU.ActiveCfg = Debug|Any CPU
		{2D1E3B7A-3EA3-429B-8C31-443712217124}.Debug|Any CPU.Build.0 = Debug|Any CPU
		{2D1E3B7A-3EA3-429B-8C31-443712217124}.Release|Any CPU.ActiveCfg = Release|Any CPU
		{2D1E3B7A-3EA3-429B-8C31-443712217124}.Release|Any CPU.Build.0 = Release|Any CPU
		{E58576F6-8DE6-4D8E-ADF9-4D74EE51C09E}.Debug|Any CPU.ActiveCfg = Debug|Any CPU
		{E58576F6-8DE6-4D8E-ADF9-4D74EE51C09E}.Debug|Any CPU.Build.0 = Debug|Any CPU
		{E58576F6-8DE6-4D8E-ADF9-4D74EE51C09E}.Release|Any CPU.ActiveCfg = Release|Any CPU
		{E58576F6-8DE6-4D8E-ADF9-4D74EE51C09E}.Release|Any CPU.Build.0 = Release|Any CPU
		{A6FF43B5-A3AC-47DB-8E6F-9E7FF022E389}.Debug|Any CPU.ActiveCfg = Debug|Any CPU
		{A6FF43B5-A3AC-47DB-8E6F-9E7FF022E389}.Debug|Any CPU.Build.0 = Debug|Any CPU
		{A6FF43B5-A3AC-47DB-8E6F-9E7FF022E389}.Release|Any CPU.ActiveCfg = Release|Any CPU
		{A6FF43B5-A3AC-47DB-8E6F-9E7FF022E389}.Release|Any CPU.Build.0 = Release|Any CPU
		{D55D7EA1-7270-432A-BC9A-F8E9EA993DA8}.Debug|Any CPU.ActiveCfg = Debug|Any CPU
		{D55D7EA1-7270-432A-BC9A-F8E9EA993DA8}.Debug|Any CPU.Build.0 = Debug|Any CPU
		{D55D7EA1-7270-432A-BC9A-F8E9EA993DA8}.Release|Any CPU.ActiveCfg = Release|Any CPU
		{D55D7EA1-7270-432A-BC9A-F8E9EA993DA8}.Release|Any CPU.Build.0 = Release|Any CPU
		{EAD1B806-D7D7-440C-90D4-86DE114E0280}.Debug|Any CPU.ActiveCfg = Debug|Any CPU
		{EAD1B806-D7D7-440C-90D4-86DE114E0280}.Debug|Any CPU.Build.0 = Debug|Any CPU
		{EAD1B806-D7D7-440C-90D4-86DE114E0280}.Release|Any CPU.ActiveCfg = Release|Any CPU
		{EAD1B806-D7D7-440C-90D4-86DE114E0280}.Release|Any CPU.Build.0 = Release|Any CPU
		{61EC8EE8-2663-426E-8EBB-EC1D61DBE284}.Debug|Any CPU.ActiveCfg = Debug|Any CPU
		{61EC8EE8-2663-426E-8EBB-EC1D61DBE284}.Debug|Any CPU.Build.0 = Debug|Any CPU
		{61EC8EE8-2663-426E-8EBB-EC1D61DBE284}.Release|Any CPU.ActiveCfg = Release|Any CPU
		{61EC8EE8-2663-426E-8EBB-EC1D61DBE284}.Release|Any CPU.Build.0 = Release|Any CPU
		{E568F992-C741-47CD-BBA2-5233F4E627CD}.Debug|Any CPU.ActiveCfg = Debug|Any CPU
		{E568F992-C741-47CD-BBA2-5233F4E627CD}.Debug|Any CPU.Build.0 = Debug|Any CPU
		{E568F992-C741-47CD-BBA2-5233F4E627CD}.Release|Any CPU.ActiveCfg = Release|Any CPU
		{E568F992-C741-47CD-BBA2-5233F4E627CD}.Release|Any CPU.Build.0 = Release|Any CPU
		{9BF0C1B2-BE31-472E-A0D3-428683063326}.Debug|Any CPU.ActiveCfg = Debug|Any CPU
		{9BF0C1B2-BE31-472E-A0D3-428683063326}.Debug|Any CPU.Build.0 = Debug|Any CPU
		{9BF0C1B2-BE31-472E-A0D3-428683063326}.Release|Any CPU.ActiveCfg = Release|Any CPU
		{9BF0C1B2-BE31-472E-A0D3-428683063326}.Release|Any CPU.Build.0 = Release|Any CPU
		{76968B9A-662A-438D-B6C0-0C45C35DD64E}.Debug|Any CPU.ActiveCfg = Debug|Any CPU
		{76968B9A-662A-438D-B6C0-0C45C35DD64E}.Debug|Any CPU.Build.0 = Debug|Any CPU
		{76968B9A-662A-438D-B6C0-0C45C35DD64E}.Release|Any CPU.ActiveCfg = Release|Any CPU
		{76968B9A-662A-438D-B6C0-0C45C35DD64E}.Release|Any CPU.Build.0 = Release|Any CPU
		{2411FB6F-8DCA-48D8-A53F-53359FA5F5BE}.Debug|Any CPU.ActiveCfg = Debug|Any CPU
		{2411FB6F-8DCA-48D8-A53F-53359FA5F5BE}.Debug|Any CPU.Build.0 = Debug|Any CPU
		{2411FB6F-8DCA-48D8-A53F-53359FA5F5BE}.Release|Any CPU.ActiveCfg = Release|Any CPU
		{2411FB6F-8DCA-48D8-A53F-53359FA5F5BE}.Release|Any CPU.Build.0 = Release|Any CPU
		{867BA738-ECDA-4211-878D-6221EB2C0D52}.Debug|Any CPU.ActiveCfg = Debug|Any CPU
		{867BA738-ECDA-4211-878D-6221EB2C0D52}.Debug|Any CPU.Build.0 = Debug|Any CPU
		{867BA738-ECDA-4211-878D-6221EB2C0D52}.Release|Any CPU.ActiveCfg = Release|Any CPU
		{867BA738-ECDA-4211-878D-6221EB2C0D52}.Release|Any CPU.Build.0 = Release|Any CPU
		{EC6519DC-9F2B-49C9-B3C1-7174DE64FE58}.Debug|Any CPU.ActiveCfg = Debug|Any CPU
		{EC6519DC-9F2B-49C9-B3C1-7174DE64FE58}.Debug|Any CPU.Build.0 = Debug|Any CPU
		{EC6519DC-9F2B-49C9-B3C1-7174DE64FE58}.Release|Any CPU.ActiveCfg = Release|Any CPU
		{EC6519DC-9F2B-49C9-B3C1-7174DE64FE58}.Release|Any CPU.Build.0 = Release|Any CPU
		{57C2F3D6-2621-424F-94B0-354E505C2D42}.Debug|Any CPU.ActiveCfg = Debug|Any CPU
		{57C2F3D6-2621-424F-94B0-354E505C2D42}.Debug|Any CPU.Build.0 = Debug|Any CPU
		{57C2F3D6-2621-424F-94B0-354E505C2D42}.Release|Any CPU.ActiveCfg = Release|Any CPU
		{57C2F3D6-2621-424F-94B0-354E505C2D42}.Release|Any CPU.Build.0 = Release|Any CPU
	EndGlobalSection
	GlobalSection(SolutionProperties) = preSolution
		HideSolutionNode = FALSE
	EndGlobalSection
	GlobalSection(NestedProjects) = preSolution
		{D1C222A9-7DCC-475F-AC98-AE6AD7CAC1F9} = {96C1E2A9-733B-49C1-966F-C3B3C8102E09}
		{033557EE-C93D-46CF-9843-71C3497F0634} = {96C1E2A9-733B-49C1-966F-C3B3C8102E09}
		{4997B86A-8252-4C47-824F-7059EF7D56DF} = {96C1E2A9-733B-49C1-966F-C3B3C8102E09}
		{0EE2EFD6-C2B3-4437-BF12-D0E5E91D40E3} = {96C1E2A9-733B-49C1-966F-C3B3C8102E09}
		{06FE080E-EB3C-47F7-A062-11113D526F25} = {96C1E2A9-733B-49C1-966F-C3B3C8102E09}
		{2DF96F25-BEA1-4B5D-A84D-E8FAA8B66D4E} = {96C1E2A9-733B-49C1-966F-C3B3C8102E09}
		{E3A68ADB-3453-4E14-BE84-351BF631918F} = {DC46C51D-7FF6-4D97-A265-F6AFCE56253D}
		{9078DB0F-2E0E-4F40-8985-6C3AFC3C3D4E} = {DC46C51D-7FF6-4D97-A265-F6AFCE56253D}
		{5D99D5DB-C5CF-41D9-A0B3-5E8C68E012D8} = {96C1E2A9-733B-49C1-966F-C3B3C8102E09}
		{2D1E3B7A-3EA3-429B-8C31-443712217124} = {96C1E2A9-733B-49C1-966F-C3B3C8102E09}
		{E58576F6-8DE6-4D8E-ADF9-4D74EE51C09E} = {DC46C51D-7FF6-4D97-A265-F6AFCE56253D}
		{A6FF43B5-A3AC-47DB-8E6F-9E7FF022E389} = {96C1E2A9-733B-49C1-966F-C3B3C8102E09}
		{D55D7EA1-7270-432A-BC9A-F8E9EA993DA8} = {96C1E2A9-733B-49C1-966F-C3B3C8102E09}
		{EAD1B806-D7D7-440C-90D4-86DE114E0280} = {96C1E2A9-733B-49C1-966F-C3B3C8102E09}
		{61EC8EE8-2663-426E-8EBB-EC1D61DBE284} = {DC46C51D-7FF6-4D97-A265-F6AFCE56253D}
		{E568F992-C741-47CD-BBA2-5233F4E627CD} = {96C1E2A9-733B-49C1-966F-C3B3C8102E09}
		{9BF0C1B2-BE31-472E-A0D3-428683063326} = {96C1E2A9-733B-49C1-966F-C3B3C8102E09}
		{76968B9A-662A-438D-B6C0-0C45C35DD64E} = {96C1E2A9-733B-49C1-966F-C3B3C8102E09}
		{2411FB6F-8DCA-48D8-A53F-53359FA5F5BE} = {DC46C51D-7FF6-4D97-A265-F6AFCE56253D}
		{867BA738-ECDA-4211-878D-6221EB2C0D52} = {DC46C51D-7FF6-4D97-A265-F6AFCE56253D}
		{EC6519DC-9F2B-49C9-B3C1-7174DE64FE58} = {DC46C51D-7FF6-4D97-A265-F6AFCE56253D}
		{57C2F3D6-2621-424F-94B0-354E505C2D42} = {DC46C51D-7FF6-4D97-A265-F6AFCE56253D}
	EndGlobalSection
	GlobalSection(ExtensibilityGlobals) = postSolution
		SolutionGuid = {A330B2DD-CDFB-4AD1-AFC0-430F33D039FB}
	EndGlobalSection
EndGlobal
